
Microsoft Visual Studio Solution File, Format Version 12.00
# Visual Studio Version 16
VisualStudioVersion = 16.0.29424.173
MinimumVisualStudioVersion = 10.0.40219.1
Project("{8BC9CEB8-8B4A-11D0-8D11-00A0C91BC942}") = "sq_list", "List\List.vcxproj", "{4B98ED2B-CE0C-4E98-A92C-3713F93EE7B4}"
EndProject
Project("{8BC9CEB8-8B4A-11D0-8D11-00A0C91BC942}") = "link_list", "link_list\link_list.vcxproj", "{CCE49CE0-3267-4A94-8438-F359DB50088C}"
EndProject
Project("{8BC9CEB8-8B4A-11D0-8D11-00A0C91BC942}") = "static_link_list", "sq_link_list\sq_link_list.vcxproj", "{B8138045-F59F-448B-BAE3-4D582B5F40BC}"
EndProject
Global
	GlobalSection(SolutionConfigurationPlatforms) = preSolution
		Debug|x64 = Debug|x64
		Debug|x86 = Debug|x86
		Release|x64 = Release|x64
		Release|x86 = Release|x86
	EndGlobalSection
	GlobalSection(ProjectConfigurationPlatforms) = postSolution
		{4B98ED2B-CE0C-4E98-A92C-3713F93EE7B4}.Debug|x64.ActiveCfg = Debug|x64
		{4B98ED2B-CE0C-4E98-A92C-3713F93EE7B4}.Debug|x64.Build.0 = Debug|x64
		{4B98ED2B-CE0C-4E98-A92C-3713F93EE7B4}.Debug|x86.ActiveCfg = Debug|Win32
		{4B98ED2B-CE0C-4E98-A92C-3713F93EE7B4}.Debug|x86.Build.0 = Debug|Win32
		{4B98ED2B-CE0C-4E98-A92C-3713F93EE7B4}.Release|x64.ActiveCfg = Release|x64
		{4B98ED2B-CE0C-4E98-A92C-3713F93EE7B4}.Release|x64.Build.0 = Release|x64
		{4B98ED2B-CE0C-4E98-A92C-3713F93EE7B4}.Release|x86.ActiveCfg = Release|Win32
		{4B98ED2B-CE0C-4E98-A92C-3713F93EE7B4}.Release|x86.Build.0 = Release|Win32
		{CCE49CE0-3267-4A94-8438-F359DB50088C}.Debug|x64.ActiveCfg = Debug|x64
		{CCE49CE0-3267-4A94-8438-F359DB50088C}.Debug|x64.Build.0 = Debug|x64
		{CCE49CE0-3267-4A94-8438-F359DB50088C}.Debug|x86.ActiveCfg = Debug|Win32
		{CCE49CE0-3267-4A94-8438-F359DB50088C}.Debug|x86.Build.0 = Debug|Win32
		{CCE49CE0-3267-4A94-8438-F359DB50088C}.Release|x64.ActiveCfg = Release|x64
		{CCE49CE0-3267-4A94-8438-F359DB50088C}.Release|x64.Build.0 = Release|x64
		{CCE49CE0-3267-4A94-8438-F359DB50088C}.Release|x86.ActiveCfg = Release|Win32
		{CCE49CE0-3267-4A94-8438-F359DB50088C}.Release|x86.Build.0 = Release|Win32
		{B8138045-F59F-448B-BAE3-4D582B5F40BC}.Debug|x64.ActiveCfg = Debug|x64
		{B8138045-F59F-448B-BAE3-4D582B5F40BC}.Debug|x64.Build.0 = Debug|x64
		{B8138045-F59F-448B-BAE3-4D582B5F40BC}.Debug|x86.ActiveCfg = Debug|Win32
		{B8138045-F59F-448B-BAE3-4D582B5F40BC}.Debug|x86.Build.0 = Debug|Win32
		{B8138045-F59F-448B-BAE3-4D582B5F40BC}.Release|x64.ActiveCfg = Release|x64
		{B8138045-F59F-448B-BAE3-4D582B5F40BC}.Release|x64.Build.0 = Release|x64
		{B8138045-F59F-448B-BAE3-4D582B5F40BC}.Release|x86.ActiveCfg = Release|Win32
		{B8138045-F59F-448B-BAE3-4D582B5F40BC}.Release|x86.Build.0 = Release|Win32
	EndGlobalSection
	GlobalSection(SolutionProperties) = preSolution
		HideSolutionNode = FALSE
	EndGlobalSection
	GlobalSection(ExtensibilityGlobals) = postSolution
		SolutionGuid = {18FD8615-903F-4339-A167-7D2FD6696131}
	EndGlobalSection
EndGlobal
